
Microsoft Visual Studio Solution File, Format Version 12.00
# Visual Studio Version 17
VisualStudioVersion = 17.8.34511.84
MinimumVisualStudioVersion = 10.0.40219.1
Project("{9A19103F-16F7-4668-BE54-9A1E7A4F7556}") = "E-commerce.Model", "E-Commerce Project\E-commerce.Model.csproj", "{4CA1592F-1FF5-47E1-A623-31DBAEB94308}"
EndProject
Project("{9A19103F-16F7-4668-BE54-9A1E7A4F7556}") = "E-Commerce.DTOS", "E-Commerce.DTOS\E-Commerce.DTOS.csproj", "{19445B6F-1C9B-4C7D-BF41-949C0A3D2FD4}"
EndProject
Project("{9A19103F-16F7-4668-BE54-9A1E7A4F7556}") = "E-Commerce.Application", "E-Commerce.Application\E-Commerce.Application.csproj", "{1EE4373E-8967-4368-B124-5385E444FF18}"
EndProject
Project("{9A19103F-16F7-4668-BE54-9A1E7A4F7556}") = "E-Commerce.Presentation", "E-Commerce.Presentation\E-Commerce.Presentation.csproj", "{9F8A3F4E-E9A2-42EB-BD5A-9AC069A50330}"
EndProject
Project("{9A19103F-16F7-4668-BE54-9A1E7A4F7556}") = "E-Commerce.Infrustructure", "E-Commerce.Infrustructure\E-Commerce.Infrustructure.csproj", "{C52D1FF8-5CCD-417A-9B93-8C4675CEBB4E}"
EndProject
Project("{9A19103F-16F7-4668-BE54-9A1E7A4F7556}") = "E-Commerce.Context", "E-Commerce.Context\E-Commerce.Context.csproj", "{4C45FC1A-4585-44C4-BC36-395210CAD29A}"
EndProject
Global
	GlobalSection(SolutionConfigurationPlatforms) = preSolution
		Debug|Any CPU = Debug|Any CPU
		Release|Any CPU = Release|Any CPU
	EndGlobalSection
	GlobalSection(ProjectConfigurationPlatforms) = postSolution
		{4CA1592F-1FF5-47E1-A623-31DBAEB94308}.Debug|Any CPU.ActiveCfg = Debug|Any CPU
		{4CA1592F-1FF5-47E1-A623-31DBAEB94308}.Debug|Any CPU.Build.0 = Debug|Any CPU
		{4CA1592F-1FF5-47E1-A623-31DBAEB94308}.Release|Any CPU.ActiveCfg = Release|Any CPU
		{4CA1592F-1FF5-47E1-A623-31DBAEB94308}.Release|Any CPU.Build.0 = Release|Any CPU
		{19445B6F-1C9B-4C7D-BF41-949C0A3D2FD4}.Debug|Any CPU.ActiveCfg = Debug|Any CPU
		{19445B6F-1C9B-4C7D-BF41-949C0A3D2FD4}.Debug|Any CPU.Build.0 = Debug|Any CPU
		{19445B6F-1C9B-4C7D-BF41-949C0A3D2FD4}.Release|Any CPU.ActiveCfg = Release|Any CPU
		{19445B6F-1C9B-4C7D-BF41-949C0A3D2FD4}.Release|Any CPU.Build.0 = Release|Any CPU
		{1EE4373E-8967-4368-B124-5385E444FF18}.Debug|Any CPU.ActiveCfg = Debug|Any CPU
		{1EE4373E-8967-4368-B124-5385E444FF18}.Debug|Any CPU.Build.0 = Debug|Any CPU
		{1EE4373E-8967-4368-B124-5385E444FF18}.Release|Any CPU.ActiveCfg = Release|Any CPU
		{1EE4373E-8967-4368-B124-5385E444FF18}.Release|Any CPU.Build.0 = Release|Any CPU
		{9F8A3F4E-E9A2-42EB-BD5A-9AC069A50330}.Debug|Any CPU.ActiveCfg = Debug|Any CPU
		{9F8A3F4E-E9A2-42EB-BD5A-9AC069A50330}.Debug|Any CPU.Build.0 = Debug|Any CPU
		{9F8A3F4E-E9A2-42EB-BD5A-9AC069A50330}.Release|Any CPU.ActiveCfg = Release|Any CPU
		{9F8A3F4E-E9A2-42EB-BD5A-9AC069A50330}.Release|Any CPU.Build.0 = Release|Any CPU
		{C52D1FF8-5CCD-417A-9B93-8C4675CEBB4E}.Debug|Any CPU.ActiveCfg = Debug|Any CPU
		{C52D1FF8-5CCD-417A-9B93-8C4675CEBB4E}.Debug|Any CPU.Build.0 = Debug|Any CPU
		{C52D1FF8-5CCD-417A-9B93-8C4675CEBB4E}.Release|Any CPU.ActiveCfg = Release|Any CPU
		{C52D1FF8-5CCD-417A-9B93-8C4675CEBB4E}.Release|Any CPU.Build.0 = Release|Any CPU
		{4C45FC1A-4585-44C4-BC36-395210CAD29A}.Debug|Any CPU.ActiveCfg = Debug|Any CPU
		{4C45FC1A-4585-44C4-BC36-395210CAD29A}.Debug|Any CPU.Build.0 = Debug|Any CPU
		{4C45FC1A-4585-44C4-BC36-395210CAD29A}.Release|Any CPU.ActiveCfg = Release|Any CPU
		{4C45FC1A-4585-44C4-BC36-395210CAD29A}.Release|Any CPU.Build.0 = Release|Any CPU
	EndGlobalSection
	GlobalSection(SolutionProperties) = preSolution
		HideSolutionNode = FALSE
	EndGlobalSection
	GlobalSection(ExtensibilityGlobals) = postSolution
		SolutionGuid = {44CE3935-04DD-496A-8311-9A6BDAAAFA5E}
	EndGlobalSection
EndGlobal
